
Microsoft Visual Studio Solution File, Format Version 12.00
# Visual Studio Version 16
VisualStudioVersion = 16.0.30611.23
MinimumVisualStudioVersion = 10.0.40219.1
Project("{FAE04EC0-301F-11D3-BF4B-00C04F79EFBC}") = "Program do losowych danych", "Program do losowych danych\Program do losowych danych.csproj", "{0FD8FE92-618A-47FA-8923-6472B546D455}"
EndProject
Global
	GlobalSection(SolutionConfigurationPlatforms) = preSolution
		Debug|Any CPU = Debug|Any CPU
		Release|Any CPU = Release|Any CPU
	EndGlobalSection
	GlobalSection(ProjectConfigurationPlatforms) = postSolution
		{0FD8FE92-618A-47FA-8923-6472B546D455}.Debug|Any CPU.ActiveCfg = Debug|Any CPU
		{0FD8FE92-618A-47FA-8923-6472B546D455}.Debug|Any CPU.Build.0 = Debug|Any CPU
		{0FD8FE92-618A-47FA-8923-6472B546D455}.Release|Any CPU.ActiveCfg = Release|Any CPU
		{0FD8FE92-618A-47FA-8923-6472B546D455}.Release|Any CPU.Build.0 = Release|Any CPU
	EndGlobalSection
	GlobalSection(SolutionProperties) = preSolution
		HideSolutionNode = FALSE
	EndGlobalSection
	GlobalSection(ExtensibilityGlobals) = postSolution
		SolutionGuid = {3017CB29-0111-46CA-AD7F-B8866A96DCCD}
	EndGlobalSection
EndGlobal
